
Microsoft Visual Studio Solution File, Format Version 12.00
# Visual Studio Version 17
VisualStudioVersion = 17.0.31912.275
MinimumVisualStudioVersion = 10.0.40219.1
Project("{FAE04EC0-301F-11D3-BF4B-00C04F79EFBC}") = "Supermercado.API", "src\Supermercado.API\Supermercado.API.csproj", "{62F78644-AEEA-45D0-A815-35C722798A05}"
EndProject
Project("{FAE04EC0-301F-11D3-BF4B-00C04F79EFBC}") = "Supermercado.Domain", "src\Supermercado.Domain\Supermercado.Domain.csproj", "{964BA526-7D29-4601-A39B-888CA422E25B}"
EndProject
Project("{FAE04EC0-301F-11D3-BF4B-00C04F79EFBC}") = "Supermercado.Infrastructure.Data", "src\Supermercado.Infrastructure.Data\Supermercado.Infrastructure.Data.csproj", "{C6A89A01-1058-4484-9CA3-4D90B90BF876}"
EndProject
Global
	GlobalSection(SolutionConfigurationPlatforms) = preSolution
		Debug|Any CPU = Debug|Any CPU
		Release|Any CPU = Release|Any CPU
	EndGlobalSection
	GlobalSection(ProjectConfigurationPlatforms) = postSolution
		{62F78644-AEEA-45D0-A815-35C722798A05}.Debug|Any CPU.ActiveCfg = Debug|Any CPU
		{62F78644-AEEA-45D0-A815-35C722798A05}.Debug|Any CPU.Build.0 = Debug|Any CPU
		{62F78644-AEEA-45D0-A815-35C722798A05}.Release|Any CPU.ActiveCfg = Release|Any CPU
		{62F78644-AEEA-45D0-A815-35C722798A05}.Release|Any CPU.Build.0 = Release|Any CPU
		{964BA526-7D29-4601-A39B-888CA422E25B}.Debug|Any CPU.ActiveCfg = Debug|Any CPU
		{964BA526-7D29-4601-A39B-888CA422E25B}.Debug|Any CPU.Build.0 = Debug|Any CPU
		{964BA526-7D29-4601-A39B-888CA422E25B}.Release|Any CPU.ActiveCfg = Release|Any CPU
		{964BA526-7D29-4601-A39B-888CA422E25B}.Release|Any CPU.Build.0 = Release|Any CPU
		{C6A89A01-1058-4484-9CA3-4D90B90BF876}.Debug|Any CPU.ActiveCfg = Debug|Any CPU
		{C6A89A01-1058-4484-9CA3-4D90B90BF876}.Debug|Any CPU.Build.0 = Debug|Any CPU
		{C6A89A01-1058-4484-9CA3-4D90B90BF876}.Release|Any CPU.ActiveCfg = Release|Any CPU
		{C6A89A01-1058-4484-9CA3-4D90B90BF876}.Release|Any CPU.Build.0 = Release|Any CPU
	EndGlobalSection
	GlobalSection(SolutionProperties) = preSolution
		HideSolutionNode = FALSE
	EndGlobalSection
	GlobalSection(ExtensibilityGlobals) = postSolution
		SolutionGuid = {B00B59A8-5F14-4A22-9D23-59DCF6C1D16D}
	EndGlobalSection
EndGlobal
